<?xml version="1.0" encoding="UTF-8"?>
<CodeBlocks_project_file>
	<FileVersion major="1" minor="6"/>
	<Project>
		<Option title="lr"/>
		<Option makefile_is_custom="1"/>
		<Option compiler="clang"/>
		<Option virtualFolders="CMake Files\;"/>
		<Build>
			<Target title="all">
				<Option working_dir="/Users/maxime/Desktop/InitiationALaRecherche/LR"/>
				<Option type="4"/>
				<MakeCommands>
					<Build command="/usr/bin/make -f &quot;/Users/maxime/Desktop/InitiationALaRecherche/LR/Makefile&quot;  VERBOSE=1 all"/>
					<CompileFile command="/usr/bin/make -f &quot;/Users/maxime/Desktop/InitiationALaRecherche/LR/Makefile&quot;  VERBOSE=1 &quot;$file&quot;"/>
					<Clean command="/usr/bin/make -f &quot;/Users/maxime/Desktop/InitiationALaRecherche/LR/Makefile&quot;  VERBOSE=1 clean"/>
					<DistClean command="/usr/bin/make -f &quot;/Users/maxime/Desktop/InitiationALaRecherche/LR/Makefile&quot;  VERBOSE=1 clean"/>
				</MakeCommands>
			</Target>
			<Target title="rebuild_cache">
				<Option working_dir="/Users/maxime/Desktop/InitiationALaRecherche/LR"/>
				<Option type="4"/>
				<MakeCommands>
					<Build command="/usr/bin/make -f &quot;/Users/maxime/Desktop/InitiationALaRecherche/LR/Makefile&quot;  VERBOSE=1 rebuild_cache"/>
					<CompileFile command="/usr/bin/make -f &quot;/Users/maxime/Desktop/InitiationALaRecherche/LR/Makefile&quot;  VERBOSE=1 &quot;$file&quot;"/>
					<Clean command="/usr/bin/make -f &quot;/Users/maxime/Desktop/InitiationALaRecherche/LR/Makefile&quot;  VERBOSE=1 clean"/>
					<DistClean command="/usr/bin/make -f &quot;/Users/maxime/Desktop/InitiationALaRecherche/LR/Makefile&quot;  VERBOSE=1 clean"/>
				</MakeCommands>
			</Target>
			<Target title="edit_cache">
				<Option working_dir="/Users/maxime/Desktop/InitiationALaRecherche/LR"/>
				<Option type="4"/>
				<MakeCommands>
					<Build command="/usr/bin/make -f &quot;/Users/maxime/Desktop/InitiationALaRecherche/LR/Makefile&quot;  VERBOSE=1 edit_cache"/>
					<CompileFile command="/usr/bin/make -f &quot;/Users/maxime/Desktop/InitiationALaRecherche/LR/Makefile&quot;  VERBOSE=1 &quot;$file&quot;"/>
					<Clean command="/usr/bin/make -f &quot;/Users/maxime/Desktop/InitiationALaRecherche/LR/Makefile&quot;  VERBOSE=1 clean"/>
					<DistClean command="/usr/bin/make -f &quot;/Users/maxime/Desktop/InitiationALaRecherche/LR/Makefile&quot;  VERBOSE=1 clean"/>
				</MakeCommands>
			</Target>
			<Target title="lr">
				<Option output="/Users/maxime/Desktop/InitiationALaRecherche/LR/lr" prefix_auto="0" extension_auto="0"/>
				<Option working_dir="/Users/maxime/Desktop/InitiationALaRecherche/LR"/>
				<Option object_output="./"/>
				<Option type="1"/>
				<Option compiler="clang"/>
				<Compiler/>
				<MakeCommands>
					<Build command="/usr/bin/make -f &quot;/Users/maxime/Desktop/InitiationALaRecherche/LR/Makefile&quot;  VERBOSE=1 lr"/>
					<CompileFile command="/usr/bin/make -f &quot;/Users/maxime/Desktop/InitiationALaRecherche/LR/Makefile&quot;  VERBOSE=1 &quot;$file&quot;"/>
					<Clean command="/usr/bin/make -f &quot;/Users/maxime/Desktop/InitiationALaRecherche/LR/Makefile&quot;  VERBOSE=1 clean"/>
					<DistClean command="/usr/bin/make -f &quot;/Users/maxime/Desktop/InitiationALaRecherche/LR/Makefile&quot;  VERBOSE=1 clean"/>
				</MakeCommands>
			</Target>
			<Target title="lr/fast">
				<Option output="/Users/maxime/Desktop/InitiationALaRecherche/LR/lr" prefix_auto="0" extension_auto="0"/>
				<Option working_dir="/Users/maxime/Desktop/InitiationALaRecherche/LR"/>
				<Option object_output="./"/>
				<Option type="1"/>
				<Option compiler="clang"/>
				<Compiler/>
				<MakeCommands>
					<Build command="/usr/bin/make -f &quot;/Users/maxime/Desktop/InitiationALaRecherche/LR/Makefile&quot;  VERBOSE=1 lr/fast"/>
					<CompileFile command="/usr/bin/make -f &quot;/Users/maxime/Desktop/InitiationALaRecherche/LR/Makefile&quot;  VERBOSE=1 &quot;$file&quot;"/>
					<Clean command="/usr/bin/make -f &quot;/Users/maxime/Desktop/InitiationALaRecherche/LR/Makefile&quot;  VERBOSE=1 clean"/>
					<DistClean command="/usr/bin/make -f &quot;/Users/maxime/Desktop/InitiationALaRecherche/LR/Makefile&quot;  VERBOSE=1 clean"/>
				</MakeCommands>
			</Target>
		</Build>
		<Unit filename="/Users/maxime/Desktop/InitiationALaRecherche/LR/Src/Camera.cpp">
			<Option target="lr"/>
		</Unit>
		<Unit filename="/Users/maxime/Desktop/InitiationALaRecherche/LR/Src/Camera.hpp">
			<Option target="lr"/>
		</Unit>
		<Unit filename="/Users/maxime/Desktop/InitiationALaRecherche/LR/Src/Couleur.cpp">
			<Option target="lr"/>
		</Unit>
		<Unit filename="/Users/maxime/Desktop/InitiationALaRecherche/LR/Src/Couleur.hpp">
			<Option target="lr"/>
		</Unit>
		<Unit filename="/Users/maxime/Desktop/InitiationALaRecherche/LR/Src/Image.cpp">
			<Option target="lr"/>
		</Unit>
		<Unit filename="/Users/maxime/Desktop/InitiationALaRecherche/LR/Src/Image.hpp">
			<Option target="lr"/>
		</Unit>
		<Unit filename="/Users/maxime/Desktop/InitiationALaRecherche/LR/Src/Intensite.cpp">
			<Option target="lr"/>
		</Unit>
		<Unit filename="/Users/maxime/Desktop/InitiationALaRecherche/LR/Src/Intensite.hpp">
			<Option target="lr"/>
		</Unit>
		<Unit filename="/Users/maxime/Desktop/InitiationALaRecherche/LR/Src/Intersection.cpp">
			<Option target="lr"/>
		</Unit>
		<Unit filename="/Users/maxime/Desktop/InitiationALaRecherche/LR/Src/Intersection.hpp">
			<Option target="lr"/>
		</Unit>
		<Unit filename="/Users/maxime/Desktop/InitiationALaRecherche/LR/Src/Materiau.cpp">
			<Option target="lr"/>
		</Unit>
		<Unit filename="/Users/maxime/Desktop/InitiationALaRecherche/LR/Src/Materiau.hpp">
			<Option target="lr"/>
		</Unit>
		<Unit filename="/Users/maxime/Desktop/InitiationALaRecherche/LR/Src/Objet.cpp">
			<Option target="lr"/>
		</Unit>
		<Unit filename="/Users/maxime/Desktop/InitiationALaRecherche/LR/Src/Objet.hpp">
			<Option target="lr"/>
		</Unit>
		<Unit filename="/Users/maxime/Desktop/InitiationALaRecherche/LR/Src/Plan.cpp">
			<Option target="lr"/>
		</Unit>
		<Unit filename="/Users/maxime/Desktop/InitiationALaRecherche/LR/Src/Plan.hpp">
			<Option target="lr"/>
		</Unit>
		<Unit filename="/Users/maxime/Desktop/InitiationALaRecherche/LR/Src/Point.cpp">
			<Option target="lr"/>
		</Unit>
		<Unit filename="/Users/maxime/Desktop/InitiationALaRecherche/LR/Src/Point.hpp">
			<Option target="lr"/>
		</Unit>
		<Unit filename="/Users/maxime/Desktop/InitiationALaRecherche/LR/Src/Rayon.cpp">
			<Option target="lr"/>
		</Unit>
		<Unit filename="/Users/maxime/Desktop/InitiationALaRecherche/LR/Src/Rayon.hpp">
			<Option target="lr"/>
		</Unit>
		<Unit filename="/Users/maxime/Desktop/InitiationALaRecherche/LR/Src/Scene.cpp">
			<Option target="lr"/>
		</Unit>
		<Unit filename="/Users/maxime/Desktop/InitiationALaRecherche/LR/Src/Scene.hpp">
			<Option target="lr"/>
		</Unit>
		<Unit filename="/Users/maxime/Desktop/InitiationALaRecherche/LR/Src/Source.cpp">
			<Option target="lr"/>
		</Unit>
		<Unit filename="/Users/maxime/Desktop/InitiationALaRecherche/LR/Src/Source.hpp">
			<Option target="lr"/>
		</Unit>
		<Unit filename="/Users/maxime/Desktop/InitiationALaRecherche/LR/Src/Sphere.cpp">
			<Option target="lr"/>
		</Unit>
		<Unit filename="/Users/maxime/Desktop/InitiationALaRecherche/LR/Src/Sphere.hpp">
			<Option target="lr"/>
		</Unit>
		<Unit filename="/Users/maxime/Desktop/InitiationALaRecherche/LR/Src/Vecteur.cpp">
			<Option target="lr"/>
		</Unit>
		<Unit filename="/Users/maxime/Desktop/InitiationALaRecherche/LR/Src/Vecteur.hpp">
			<Option target="lr"/>
		</Unit>
		<Unit filename="/Users/maxime/Desktop/InitiationALaRecherche/LR/Src/lr.cpp">
			<Option target="lr"/>
		</Unit>
		<Unit filename="/Users/maxime/Desktop/InitiationALaRecherche/LR/CMakeLists.txt">
			<Option virtualFolder="CMake Files\"/>
		</Unit>
	</Project>
</CodeBlocks_project_file>
